lockfileVersion: '9.0'

settings:
  autoInstallPeers: true
  excludeLinksFromLockfile: false

importers:

  .:
    dependencies:
      fast-fuzzy:
        specifier: ^1.12.0
        version: 1.12.0
    devDependencies:
      daisyui:
        specifier: ^5.0.35
        version: 5.0.35

packages:

  daisyui@5.0.35:
    resolution: {integrity: sha512-AWi11n/x5++mps55jcwrBf0Lmip1euWY0FYcH/05SFGmoqrU7S7/aIUWaiaeqlJ5EcmEZ/7zEY73aOxMv6hcIg==}

  fast-fuzzy@1.12.0:
    resolution: {integrity: sha512-sXxGgHS+ubYpsdLnvOvJ9w5GYYZrtL9mkosG3nfuD446ahvoWEsSKBP7ieGmWIKVLnaxRDgUJkZMdxRgA2Ni+Q==}

  graphemesplit@2.6.0:
    resolution: {integrity: sha512-rG9w2wAfkpg0DILa1pjnjNfucng3usON360shisqIMUBw/87pojcBSrHmeE4UwryAuBih7g8m1oilf5/u8EWdQ==}

  js-base64@3.7.7:
    resolution: {integrity: sha512-7rCnleh0z2CkXhH67J8K1Ytz0b2Y+yxTPL+/KOJoa20hfnVQ/3/T6W/KflYI4bRHRagNeXeU2bkNGI3v1oS/lw==}

  pako@0.2.9:
    resolution: {integrity: sha512-NUcwaKxUxWrZLpDG+z/xZaCgQITkA/Dv4V/T6bw7VON6l1Xz/VnrBqrYjZQ12TamKHzITTfOEIYUj48y2KXImA==}

  tiny-inflate@1.0.3:
    resolution: {integrity: sha512-pkY1fj1cKHb2seWDy0B16HeWyczlJA9/WW3u3c4z/NiWDsO3DOU5D7nhTLE9CF0yXv/QZFY7sEJmj24dK+Rrqw==}

  unicode-trie@2.0.0:
    resolution: {integrity: sha512-x7bc76x0bm4prf1VLg79uhAzKw8DVboClSN5VxJuQ+LKDOVEW9CdH+VY7SP+vX7xCYQqzzgQpFqz15zeLvAtZQ==}

snapshots:

  daisyui@5.0.35: {}

  fast-fuzzy@1.12.0:
    dependencies:
      graphemesplit: 2.6.0

  graphemesplit@2.6.0:
    dependencies:
      js-base64: 3.7.7
      unicode-trie: 2.0.0

  js-base64@3.7.7: {}

  pako@0.2.9: {}

  tiny-inflate@1.0.3: {}

  unicode-trie@2.0.0:
    dependencies:
      pako: 0.2.9
      tiny-inflate: 1.0.3
